
Microsoft Visual Studio Solution File, Format Version 12.00
# Visual Studio 15
VisualStudioVersion = 15.0.27130.2027
MinimumVisualStudioVersion = 10.0.40219.1
Project("{888888A0-9F3D-457C-B088-3A5042F75D52}") = "python-jumpstart-course-demos", "python-jumpstart-course-demos.pyproj", "{188226E2-1129-496C-9F92-8E1EF4EE7921}"
EndProject
Global
	GlobalSection(SolutionConfigurationPlatforms) = preSolution
		Debug|Any CPU = Debug|Any CPU
		Release|Any CPU = Release|Any CPU
	EndGlobalSection
	GlobalSection(ProjectConfigurationPlatforms) = postSolution
		{188226E2-1129-496C-9F92-8E1EF4EE7921}.Debug|Any CPU.ActiveCfg = Debug|Any CPU
		{188226E2-1129-496C-9F92-8E1EF4EE7921}.Release|Any CPU.ActiveCfg = Release|Any CPU
	EndGlobalSection
	GlobalSection(SolutionProperties) = preSolution
		HideSolutionNode = FALSE
	EndGlobalSection
	GlobalSection(ExtensibilityGlobals) = postSolution
		SolutionGuid = {CE073205-4BFB-4C47-8E8C-BFCCA826281E}
	EndGlobalSection
EndGlobal
